
Microsoft Visual Studio Solution File, Format Version 12.00
# Visual Studio Version 17
VisualStudioVersion = 17.7.34009.444
MinimumVisualStudioVersion = 10.0.40219.1
Project("{8BC9CEB8-8B4A-11D0-8D11-00A0C91BC942}") = "variant01", "variant01\variant01.vcxproj", "{41400C4A-9AF7-4F28-93EF-4CD195021A5F}"
EndProject
Global
	GlobalSection(SolutionConfigurationPlatforms) = preSolution
		Debug|x64 = Debug|x64
		Debug|x86 = Debug|x86
		Release|x64 = Release|x64
		Release|x86 = Release|x86
	EndGlobalSection
	GlobalSection(ProjectConfigurationPlatforms) = postSolution
		{41400C4A-9AF7-4F28-93EF-4CD195021A5F}.Debug|x64.ActiveCfg = Debug|x64
		{41400C4A-9AF7-4F28-93EF-4CD195021A5F}.Debug|x64.Build.0 = Debug|x64
		{41400C4A-9AF7-4F28-93EF-4CD195021A5F}.Debug|x86.ActiveCfg = Debug|Win32
		{41400C4A-9AF7-4F28-93EF-4CD195021A5F}.Debug|x86.Build.0 = Debug|Win32
		{41400C4A-9AF7-4F28-93EF-4CD195021A5F}.Release|x64.ActiveCfg = Release|x64
		{41400C4A-9AF7-4F28-93EF-4CD195021A5F}.Release|x64.Build.0 = Release|x64
		{41400C4A-9AF7-4F28-93EF-4CD195021A5F}.Release|x86.ActiveCfg = Release|Win32
		{41400C4A-9AF7-4F28-93EF-4CD195021A5F}.Release|x86.Build.0 = Release|Win32
	EndGlobalSection
	GlobalSection(SolutionProperties) = preSolution
		HideSolutionNode = FALSE
	EndGlobalSection
	GlobalSection(ExtensibilityGlobals) = postSolution
		SolutionGuid = {58A7002F-10CF-4483-A0FA-999AFE4C7FEE}
	EndGlobalSection
EndGlobal
